
Microsoft Visual Studio Solution File, Format Version 12.00
# Visual Studio Version 17
VisualStudioVersion = 17.2.32602.215
MinimumVisualStudioVersion = 10.0.40219.1
Project("{FAE04EC0-301F-11D3-BF4B-00C04F79EFBC}") = "NumericUtils", "NumericUtils\NumericUtils.csproj", "{B44569E3-5208-4F1C-BBAF-DDF44193FA2B}"
EndProject
Project("{FAE04EC0-301F-11D3-BF4B-00C04F79EFBC}") = "NumericUtilsTests", "NumericUtilsTests\NumericUtilsTests.csproj", "{2F2FC463-8241-46AC-B276-366E8C76903B}"
EndProject
Project("{FAE04EC0-301F-11D3-BF4B-00C04F79EFBC}") = "ConsoleApp1", "ConsoleApp1\ConsoleApp1.csproj", "{8E731D9C-720A-455B-A07D-D16C432B232F}"
EndProject
Global
	GlobalSection(SolutionConfigurationPlatforms) = preSolution
		Debug|Any CPU = Debug|Any CPU
		Release|Any CPU = Release|Any CPU
	EndGlobalSection
	GlobalSection(ProjectConfigurationPlatforms) = postSolution
		{B44569E3-5208-4F1C-BBAF-DDF44193FA2B}.Debug|Any CPU.ActiveCfg = Debug|Any CPU
		{B44569E3-5208-4F1C-BBAF-DDF44193FA2B}.Debug|Any CPU.Build.0 = Debug|Any CPU
		{B44569E3-5208-4F1C-BBAF-DDF44193FA2B}.Release|Any CPU.ActiveCfg = Release|Any CPU
		{B44569E3-5208-4F1C-BBAF-DDF44193FA2B}.Release|Any CPU.Build.0 = Release|Any CPU
		{2F2FC463-8241-46AC-B276-366E8C76903B}.Debug|Any CPU.ActiveCfg = Debug|Any CPU
		{2F2FC463-8241-46AC-B276-366E8C76903B}.Debug|Any CPU.Build.0 = Debug|Any CPU
		{2F2FC463-8241-46AC-B276-366E8C76903B}.Release|Any CPU.ActiveCfg = Release|Any CPU
		{2F2FC463-8241-46AC-B276-366E8C76903B}.Release|Any CPU.Build.0 = Release|Any CPU
		{8E731D9C-720A-455B-A07D-D16C432B232F}.Debug|Any CPU.ActiveCfg = Debug|Any CPU
		{8E731D9C-720A-455B-A07D-D16C432B232F}.Debug|Any CPU.Build.0 = Debug|Any CPU
		{8E731D9C-720A-455B-A07D-D16C432B232F}.Release|Any CPU.ActiveCfg = Release|Any CPU
		{8E731D9C-720A-455B-A07D-D16C432B232F}.Release|Any CPU.Build.0 = Release|Any CPU
	EndGlobalSection
	GlobalSection(SolutionProperties) = preSolution
		HideSolutionNode = FALSE
	EndGlobalSection
	GlobalSection(ExtensibilityGlobals) = postSolution
		SolutionGuid = {11EFD507-A4FB-4402-A498-2AFFDD84E278}
	EndGlobalSection
EndGlobal
